
Microsoft Visual Studio Solution File, Format Version 12.00
# Visual Studio Version 17
VisualStudioVersion = 17.9.34622.214
MinimumVisualStudioVersion = 10.0.40219.1
Project("{FAE04EC0-301F-11D3-BF4B-00C04F79EFBC}") = "AzureFunctionAppDemo", "AzureFunctionAppDemo\AzureFunctionAppDemo.csproj", "{03B1893C-B638-41BB-883C-D6ED889BDE6D}"
EndProject
Global
	GlobalSection(SolutionConfigurationPlatforms) = preSolution
		Debug|Any CPU = Debug|Any CPU
		Release|Any CPU = Release|Any CPU
	EndGlobalSection
	GlobalSection(ProjectConfigurationPlatforms) = postSolution
		{03B1893C-B638-41BB-883C-D6ED889BDE6D}.Debug|Any CPU.ActiveCfg = Debug|Any CPU
		{03B1893C-B638-41BB-883C-D6ED889BDE6D}.Debug|Any CPU.Build.0 = Debug|Any CPU
		{03B1893C-B638-41BB-883C-D6ED889BDE6D}.Release|Any CPU.ActiveCfg = Release|Any CPU
		{03B1893C-B638-41BB-883C-D6ED889BDE6D}.Release|Any CPU.Build.0 = Release|Any CPU
	EndGlobalSection
	GlobalSection(SolutionProperties) = preSolution
		HideSolutionNode = FALSE
	EndGlobalSection
	GlobalSection(ExtensibilityGlobals) = postSolution
		SolutionGuid = {B9D595B1-2299-4832-A55C-C79EA93A7F40}
	EndGlobalSection
EndGlobal
